
Microsoft Visual Studio Solution File, Format Version 12.00
# Visual Studio Version 17
VisualStudioVersion = 17.0.31903.59
MinimumVisualStudioVersion = 10.0.40219.1
Project("{9A19103F-16F7-4668-BE54-9A1E7A4F7556}") = "Pear.Client", "Pear.Client\Pear.Client.csproj", "{B248C4E5-3DDA-4119-98E8-6A14CF403D6C}"
EndProject
Project("{9A19103F-16F7-4668-BE54-9A1E7A4F7556}") = "Pear.Discovery", "Pear.Discovery\Pear.Discovery.csproj", "{4BC463AD-2607-45BD-980F-713EE5A95FC9}"
EndProject
Global
	GlobalSection(SolutionConfigurationPlatforms) = preSolution
		Debug|Any CPU = Debug|Any CPU
		Release|Any CPU = Release|Any CPU
	EndGlobalSection
	GlobalSection(ProjectConfigurationPlatforms) = postSolution
		{B248C4E5-3DDA-4119-98E8-6A14CF403D6C}.Debug|Any CPU.ActiveCfg = Debug|Any CPU
		{B248C4E5-3DDA-4119-98E8-6A14CF403D6C}.Debug|Any CPU.Build.0 = Debug|Any CPU
		{B248C4E5-3DDA-4119-98E8-6A14CF403D6C}.Debug|Any CPU.Deploy.0 = Debug|Any CPU
		{B248C4E5-3DDA-4119-98E8-6A14CF403D6C}.Release|Any CPU.ActiveCfg = Release|Any CPU
		{B248C4E5-3DDA-4119-98E8-6A14CF403D6C}.Release|Any CPU.Build.0 = Release|Any CPU
		{4BC463AD-2607-45BD-980F-713EE5A95FC9}.Debug|Any CPU.ActiveCfg = Debug|Any CPU
		{4BC463AD-2607-45BD-980F-713EE5A95FC9}.Debug|Any CPU.Build.0 = Debug|Any CPU
		{4BC463AD-2607-45BD-980F-713EE5A95FC9}.Release|Any CPU.ActiveCfg = Release|Any CPU
		{4BC463AD-2607-45BD-980F-713EE5A95FC9}.Release|Any CPU.Build.0 = Release|Any CPU
	EndGlobalSection
	GlobalSection(SolutionProperties) = preSolution
		HideSolutionNode = FALSE
	EndGlobalSection
EndGlobal
